
Microsoft Visual Studio Solution File, Format Version 12.00
# Visual Studio 15
VisualStudioVersion = 15.0.28307.1062
MinimumVisualStudioVersion = 10.0.40219.1
Project("{FAE04EC0-301F-11D3-BF4B-00C04F79EFBC}") = "sampleCRUD", "sampleCRUD\sampleCRUD.csproj", "{27019C99-C3EA-4433-8138-8C2139AA3814}"
EndProject
Global
	GlobalSection(SolutionConfigurationPlatforms) = preSolution
		Debug|Any CPU = Debug|Any CPU
		Release|Any CPU = Release|Any CPU
	EndGlobalSection
	GlobalSection(ProjectConfigurationPlatforms) = postSolution
		{27019C99-C3EA-4433-8138-8C2139AA3814}.Debug|Any CPU.ActiveCfg = Debug|Any CPU
		{27019C99-C3EA-4433-8138-8C2139AA3814}.Debug|Any CPU.Build.0 = Debug|Any CPU
		{27019C99-C3EA-4433-8138-8C2139AA3814}.Release|Any CPU.ActiveCfg = Release|Any CPU
		{27019C99-C3EA-4433-8138-8C2139AA3814}.Release|Any CPU.Build.0 = Release|Any CPU
	EndGlobalSection
	GlobalSection(SolutionProperties) = preSolution
		HideSolutionNode = FALSE
	EndGlobalSection
	GlobalSection(ExtensibilityGlobals) = postSolution
		SolutionGuid = {435FBC19-64A9-4561-A19A-5BAE4FCE0676}
	EndGlobalSection
EndGlobal
